# This file is generated by Cargo and records the resolved workspace dependency graph.
version = 4

[[package]]
name = "agenticos-agents"
version = "0.1.0"
dependencies = ["agenticos-contracts"]

[[package]]
name = "agenticos-artifacts"
version = "0.1.0"
dependencies = ["agenticos-contracts"]

[[package]]
name = "agenticos-context"
version = "0.1.0"
dependencies = ["agenticos-contracts"]

[[package]]
name = "agenticos-contracts"
version = "0.1.0"

[[package]]
name = "agenticos-evaluation"
version = "0.1.0"
dependencies = ["agenticos-contracts"]

[[package]]
name = "agenticos-execution"
version = "0.1.0"
dependencies = ["agenticos-contracts"]

[[package]]
name = "agenticos-gateway"
version = "0.1.0"
dependencies = ["agenticos-contracts"]

[[package]]
name = "agenticos-kernel"
version = "0.1.0"
dependencies = ["agenticos-contracts"]

[[package]]
name = "agenticos-memory"
version = "0.1.0"
dependencies = ["agenticos-contracts"]

[[package]]
name = "agenticos-observability"
version = "0.1.0"
dependencies = ["agenticos-contracts"]

[[package]]
name = "agenticos-plugins"
version = "0.1.0"
dependencies = ["agenticos-contracts"]

[[package]]
name = "agenticos-projects"
version = "0.1.0"
dependencies = ["agenticos-contracts"]

[[package]]
name = "agenticos-providers"
version = "0.1.0"
dependencies = ["agenticos-contracts"]

[[package]]
name = "agenticos-router"
version = "0.1.0"
dependencies = ["agenticos-contracts"]

[[package]]
name = "agenticos-runtime"
version = "0.1.0"
dependencies = ["agenticos-contracts", "agenticos-kernel"]

[[package]]
name = "agenticos-sandbox"
version = "0.1.0"
dependencies = ["agenticos-contracts"]

[[package]]
name = "agenticos-scheduler"
version = "0.1.0"
dependencies = ["agenticos-contracts"]

[[package]]
name = "agenticos-security"
version = "0.1.0"
dependencies = ["agenticos-contracts"]

[[package]]
name = "agenticos-skills"
version = "0.1.0"
dependencies = ["agenticos-contracts"]

[[package]]
name = "agenticos-source-forge"
version = "0.1.0"
dependencies = ["agenticos-contracts"]

[[package]]
name = "agenticos-tools"
version = "0.1.0"
dependencies = ["agenticos-contracts"]

[[package]]
name = "agenticos-workflows"
version = "0.1.0"
dependencies = ["agenticos-contracts"]
